
Microsoft Visual Studio Solution File, Format Version 12.00
# Visual Studio 2013
VisualStudioVersion = 12.0.30723.0
MinimumVisualStudioVersion = 10.0.40219.1
Project("{FAE04EC0-301F-11D3-BF4B-00C04F79EFBC}") = "MMP.HackMCR.DataContract", "MMP.HackMCR.DataContract\MMP.HackMCR.DataContract.csproj", "{7E1C4B12-FCDF-4A5E-8271-6BAD36940074}"
EndProject
Project("{FAE04EC0-301F-11D3-BF4B-00C04F79EFBC}") = "MMP.HackMCR.DataAccess", "MMP.HackMCR.DataAccess\MMP.HackMCR.DataAccess.csproj", "{AF740C79-59A1-4144-9ABA-D2B675E0F5B0}"
EndProject
Project("{FAE04EC0-301F-11D3-BF4B-00C04F79EFBC}") = "MMP.HackMCR.Website", "MMP.HackMCR.Website\MMP.HackMCR.Website.csproj", "{D352D9AB-50C4-4078-8AA2-399C25C7B7FE}"
EndProject
Global
	GlobalSection(SolutionConfigurationPlatforms) = preSolution
		Debug|Any CPU = Debug|Any CPU
		Release|Any CPU = Release|Any CPU
	EndGlobalSection
	GlobalSection(ProjectConfigurationPlatforms) = postSolution
		{7E1C4B12-FCDF-4A5E-8271-6BAD36940074}.Debug|Any CPU.ActiveCfg = Debug|Any CPU
		{7E1C4B12-FCDF-4A5E-8271-6BAD36940074}.Debug|Any CPU.Build.0 = Debug|Any CPU
		{7E1C4B12-FCDF-4A5E-8271-6BAD36940074}.Release|Any CPU.ActiveCfg = Release|Any CPU
		{7E1C4B12-FCDF-4A5E-8271-6BAD36940074}.Release|Any CPU.Build.0 = Release|Any CPU
		{AF740C79-59A1-4144-9ABA-D2B675E0F5B0}.Debug|Any CPU.ActiveCfg = Debug|Any CPU
		{AF740C79-59A1-4144-9ABA-D2B675E0F5B0}.Debug|Any CPU.Build.0 = Debug|Any CPU
		{AF740C79-59A1-4144-9ABA-D2B675E0F5B0}.Release|Any CPU.ActiveCfg = Release|Any CPU
		{AF740C79-59A1-4144-9ABA-D2B675E0F5B0}.Release|Any CPU.Build.0 = Release|Any CPU
		{D352D9AB-50C4-4078-8AA2-399C25C7B7FE}.Debug|Any CPU.ActiveCfg = Debug|Any CPU
		{D352D9AB-50C4-4078-8AA2-399C25C7B7FE}.Debug|Any CPU.Build.0 = Debug|Any CPU
		{D352D9AB-50C4-4078-8AA2-399C25C7B7FE}.Release|Any CPU.ActiveCfg = Release|Any CPU
		{D352D9AB-50C4-4078-8AA2-399C25C7B7FE}.Release|Any CPU.Build.0 = Release|Any CPU
	EndGlobalSection
	GlobalSection(SolutionProperties) = preSolution
		HideSolutionNode = FALSE
	EndGlobalSection
EndGlobal
